
Microsoft Visual Studio Solution File, Format Version 12.00
# Visual Studio Version 16
VisualStudioVersion = 16.0.29424.173
MinimumVisualStudioVersion = 10.0.40219.1
Project("{9A19103F-16F7-4668-BE54-9A1E7A4F7556}") = "Cod.Autofac", "Cod.Autofac\Cod.Autofac.csproj", "{D73FAC77-3145-4783-A7B7-A482DB63A198}"
EndProject
Project("{9A19103F-16F7-4668-BE54-9A1E7A4F7556}") = "Cod.Abstractions", "Cod.Abstractions\Cod.Abstractions.csproj", "{6D43C27D-58BB-42BD-9181-3B8C33D6F26D}"
EndProject
Project("{9A19103F-16F7-4668-BE54-9A1E7A4F7556}") = "Cod.Platform", "Cod.Platform\Cod.Platform.csproj", "{E19C95B6-1DAC-42EF-AF4A-410CCE6B32A3}"
EndProject
Project("{9A19103F-16F7-4668-BE54-9A1E7A4F7556}") = "Cod.Channel", "Cod.Channel\Cod.Channel.csproj", "{C4449D0D-51FE-4C66-AA17-F61A3A785FD2}"
EndProject
Project("{9A19103F-16F7-4668-BE54-9A1E7A4F7556}") = "Cod.Helper", "Cod.Helper\Cod.Helper.csproj", "{9FCFF412-38EF-4353-AADC-E3EDDD058689}"
EndProject
Project("{9A19103F-16F7-4668-BE54-9A1E7A4F7556}") = "Cod.Platform.Firebase", "Cod.Platform.Firebase\Cod.Platform.Firebase.csproj", "{7AA296E8-BB3A-4ED9-80BA-B59FDD09C1E6}"
EndProject
Project("{9A19103F-16F7-4668-BE54-9A1E7A4F7556}") = "Cod.Channel.Blazor", "Cod.Channel.Blazor\Cod.Channel.Blazor.csproj", "{96462F00-0865-4F94-8337-F54F3B2A8A3A}"
EndProject
Project("{9A19103F-16F7-4668-BE54-9A1E7A4F7556}") = "Cod.Platform.Apple", "Cod.Platform.Apple\Cod.Platform.Apple.csproj", "{26088D7C-BD2B-4C0C-AD59-B24E550BF941}"
EndProject
Project("{2150E333-8FDC-42A3-9474-1A3956D46DE8}") = "Solution Items", "Solution Items", "{613EC49C-1EB9-4F99-B609-CC4383A2F36B}"
	ProjectSection(SolutionItems) = preProject
		.editorconfig = .editorconfig
	EndProjectSection
EndProject
Global
	GlobalSection(SolutionConfigurationPlatforms) = preSolution
		Debug|Any CPU = Debug|Any CPU
		Debug|x64 = Debug|x64
		Debug|x86 = Debug|x86
		Release|Any CPU = Release|Any CPU
		Release|x64 = Release|x64
		Release|x86 = Release|x86
	EndGlobalSection
	GlobalSection(ProjectConfigurationPlatforms) = postSolution
		{D73FAC77-3145-4783-A7B7-A482DB63A198}.Debug|Any CPU.ActiveCfg = Debug|Any CPU
		{D73FAC77-3145-4783-A7B7-A482DB63A198}.Debug|Any CPU.Build.0 = Debug|Any CPU
		{D73FAC77-3145-4783-A7B7-A482DB63A198}.Debug|x64.ActiveCfg = Debug|Any CPU
		{D73FAC77-3145-4783-A7B7-A482DB63A198}.Debug|x64.Build.0 = Debug|Any CPU
		{D73FAC77-3145-4783-A7B7-A482DB63A198}.Debug|x86.ActiveCfg = Debug|Any CPU
		{D73FAC77-3145-4783-A7B7-A482DB63A198}.Debug|x86.Build.0 = Debug|Any CPU
		{D73FAC77-3145-4783-A7B7-A482DB63A198}.Release|Any CPU.ActiveCfg = Release|Any CPU
		{D73FAC77-3145-4783-A7B7-A482DB63A198}.Release|Any CPU.Build.0 = Release|Any CPU
		{D73FAC77-3145-4783-A7B7-A482DB63A198}.Release|x64.ActiveCfg = Release|Any CPU
		{D73FAC77-3145-4783-A7B7-A482DB63A198}.Release|x64.Build.0 = Release|Any CPU
		{D73FAC77-3145-4783-A7B7-A482DB63A198}.Release|x86.ActiveCfg = Release|Any CPU
		{D73FAC77-3145-4783-A7B7-A482DB63A198}.Release|x86.Build.0 = Release|Any CPU
		{6D43C27D-58BB-42BD-9181-3B8C33D6F26D}.Debug|Any CPU.ActiveCfg = Debug|Any CPU
		{6D43C27D-58BB-42BD-9181-3B8C33D6F26D}.Debug|Any CPU.Build.0 = Debug|Any CPU
		{6D43C27D-58BB-42BD-9181-3B8C33D6F26D}.Debug|x64.ActiveCfg = Debug|Any CPU
		{6D43C27D-58BB-42BD-9181-3B8C33D6F26D}.Debug|x64.Build.0 = Debug|Any CPU
		{6D43C27D-58BB-42BD-9181-3B8C33D6F26D}.Debug|x86.ActiveCfg = Debug|Any CPU
		{6D43C27D-58BB-42BD-9181-3B8C33D6F26D}.Debug|x86.Build.0 = Debug|Any CPU
		{6D43C27D-58BB-42BD-9181-3B8C33D6F26D}.Release|Any CPU.ActiveCfg = Release|Any CPU
		{6D43C27D-58BB-42BD-9181-3B8C33D6F26D}.Release|Any CPU.Build.0 = Release|Any CPU
		{6D43C27D-58BB-42BD-9181-3B8C33D6F26D}.Release|x64.ActiveCfg = Release|Any CPU
		{6D43C27D-58BB-42BD-9181-3B8C33D6F26D}.Release|x64.Build.0 = Release|Any CPU
		{6D43C27D-58BB-42BD-9181-3B8C33D6F26D}.Release|x86.ActiveCfg = Release|Any CPU
		{6D43C27D-58BB-42BD-9181-3B8C33D6F26D}.Release|x86.Build.0 = Release|Any CPU
		{E19C95B6-1DAC-42EF-AF4A-410CCE6B32A3}.Debug|Any CPU.ActiveCfg = Debug|Any CPU
		{E19C95B6-1DAC-42EF-AF4A-410CCE6B32A3}.Debug|Any CPU.Build.0 = Debug|Any CPU
		{E19C95B6-1DAC-42EF-AF4A-410CCE6B32A3}.Debug|x64.ActiveCfg = Debug|Any CPU
		{E19C95B6-1DAC-42EF-AF4A-410CCE6B32A3}.Debug|x64.Build.0 = Debug|Any CPU
		{E19C95B6-1DAC-42EF-AF4A-410CCE6B32A3}.Debug|x86.ActiveCfg = Debug|Any CPU
		{E19C95B6-1DAC-42EF-AF4A-410CCE6B32A3}.Debug|x86.Build.0 = Debug|Any CPU
		{E19C95B6-1DAC-42EF-AF4A-410CCE6B32A3}.Release|Any CPU.ActiveCfg = Release|Any CPU
		{E19C95B6-1DAC-42EF-AF4A-410CCE6B32A3}.Release|Any CPU.Build.0 = Release|Any CPU
		{E19C95B6-1DAC-42EF-AF4A-410CCE6B32A3}.Release|x64.ActiveCfg = Release|Any CPU
		{E19C95B6-1DAC-42EF-AF4A-410CCE6B32A3}.Release|x64.Build.0 = Release|Any CPU
		{E19C95B6-1DAC-42EF-AF4A-410CCE6B32A3}.Release|x86.ActiveCfg = Release|Any CPU
		{E19C95B6-1DAC-42EF-AF4A-410CCE6B32A3}.Release|x86.Build.0 = Release|Any CPU
		{C4449D0D-51FE-4C66-AA17-F61A3A785FD2}.Debug|Any CPU.ActiveCfg = Debug|Any CPU
		{C4449D0D-51FE-4C66-AA17-F61A3A785FD2}.Debug|Any CPU.Build.0 = Debug|Any CPU
		{C4449D0D-51FE-4C66-AA17-F61A3A785FD2}.Debug|x64.ActiveCfg = Debug|Any CPU
		{C4449D0D-51FE-4C66-AA17-F61A3A785FD2}.Debug|x64.Build.0 = Debug|Any CPU
		{C4449D0D-51FE-4C66-AA17-F61A3A785FD2}.Debug|x86.ActiveCfg = Debug|Any CPU
		{C4449D0D-51FE-4C66-AA17-F61A3A785FD2}.Debug|x86.Build.0 = Debug|Any CPU
		{C4449D0D-51FE-4C66-AA17-F61A3A785FD2}.Release|Any CPU.ActiveCfg = Release|Any CPU
		{C4449D0D-51FE-4C66-AA17-F61A3A785FD2}.Release|Any CPU.Build.0 = Release|Any CPU
		{C4449D0D-51FE-4C66-AA17-F61A3A785FD2}.Release|x64.ActiveCfg = Release|Any CPU
		{C4449D0D-51FE-4C66-AA17-F61A3A785FD2}.Release|x64.Build.0 = Release|Any CPU
		{C4449D0D-51FE-4C66-AA17-F61A3A785FD2}.Release|x86.ActiveCfg = Release|Any CPU
		{C4449D0D-51FE-4C66-AA17-F61A3A785FD2}.Release|x86.Build.0 = Release|Any CPU
		{9FCFF412-38EF-4353-AADC-E3EDDD058689}.Debug|Any CPU.ActiveCfg = Debug|Any CPU
		{9FCFF412-38EF-4353-AADC-E3EDDD058689}.Debug|Any CPU.Build.0 = Debug|Any CPU
		{9FCFF412-38EF-4353-AADC-E3EDDD058689}.Debug|x64.ActiveCfg = Debug|Any CPU
		{9FCFF412-38EF-4353-AADC-E3EDDD058689}.Debug|x64.Build.0 = Debug|Any CPU
		{9FCFF412-38EF-4353-AADC-E3EDDD058689}.Debug|x86.ActiveCfg = Debug|Any CPU
		{9FCFF412-38EF-4353-AADC-E3EDDD058689}.Debug|x86.Build.0 = Debug|Any CPU
		{9FCFF412-38EF-4353-AADC-E3EDDD058689}.Release|Any CPU.ActiveCfg = Release|Any CPU
		{9FCFF412-38EF-4353-AADC-E3EDDD058689}.Release|Any CPU.Build.0 = Release|Any CPU
		{9FCFF412-38EF-4353-AADC-E3EDDD058689}.Release|x64.ActiveCfg = Release|Any CPU
		{9FCFF412-38EF-4353-AADC-E3EDDD058689}.Release|x64.Build.0 = Release|Any CPU
		{9FCFF412-38EF-4353-AADC-E3EDDD058689}.Release|x86.ActiveCfg = Release|Any CPU
		{9FCFF412-38EF-4353-AADC-E3EDDD058689}.Release|x86.Build.0 = Release|Any CPU
		{7AA296E8-BB3A-4ED9-80BA-B59FDD09C1E6}.Debug|Any CPU.ActiveCfg = Debug|Any CPU
		{7AA296E8-BB3A-4ED9-80BA-B59FDD09C1E6}.Debug|Any CPU.Build.0 = Debug|Any CPU
		{7AA296E8-BB3A-4ED9-80BA-B59FDD09C1E6}.Debug|x64.ActiveCfg = Debug|Any CPU
		{7AA296E8-BB3A-4ED9-80BA-B59FDD09C1E6}.Debug|x64.Build.0 = Debug|Any CPU
		{7AA296E8-BB3A-4ED9-80BA-B59FDD09C1E6}.Debug|x86.ActiveCfg = Debug|Any CPU
		{7AA296E8-BB3A-4ED9-80BA-B59FDD09C1E6}.Debug|x86.Build.0 = Debug|Any CPU
		{7AA296E8-BB3A-4ED9-80BA-B59FDD09C1E6}.Release|Any CPU.ActiveCfg = Release|Any CPU
		{7AA296E8-BB3A-4ED9-80BA-B59FDD09C1E6}.Release|Any CPU.Build.0 = Release|Any CPU
		{7AA296E8-BB3A-4ED9-80BA-B59FDD09C1E6}.Release|x64.ActiveCfg = Release|Any CPU
		{7AA296E8-BB3A-4ED9-80BA-B59FDD09C1E6}.Release|x64.Build.0 = Release|Any CPU
		{7AA296E8-BB3A-4ED9-80BA-B59FDD09C1E6}.Release|x86.ActiveCfg = Release|Any CPU
		{7AA296E8-BB3A-4ED9-80BA-B59FDD09C1E6}.Release|x86.Build.0 = Release|Any CPU
		{96462F00-0865-4F94-8337-F54F3B2A8A3A}.Debug|Any CPU.ActiveCfg = Debug|Any CPU
		{96462F00-0865-4F94-8337-F54F3B2A8A3A}.Debug|Any CPU.Build.0 = Debug|Any CPU
		{96462F00-0865-4F94-8337-F54F3B2A8A3A}.Debug|x64.ActiveCfg = Debug|Any CPU
		{96462F00-0865-4F94-8337-F54F3B2A8A3A}.Debug|x64.Build.0 = Debug|Any CPU
		{96462F00-0865-4F94-8337-F54F3B2A8A3A}.Debug|x86.ActiveCfg = Debug|Any CPU
		{96462F00-0865-4F94-8337-F54F3B2A8A3A}.Debug|x86.Build.0 = Debug|Any CPU
		{96462F00-0865-4F94-8337-F54F3B2A8A3A}.Release|Any CPU.ActiveCfg = Release|Any CPU
		{96462F00-0865-4F94-8337-F54F3B2A8A3A}.Release|Any CPU.Build.0 = Release|Any CPU
		{96462F00-0865-4F94-8337-F54F3B2A8A3A}.Release|x64.ActiveCfg = Release|Any CPU
		{96462F00-0865-4F94-8337-F54F3B2A8A3A}.Release|x64.Build.0 = Release|Any CPU
		{96462F00-0865-4F94-8337-F54F3B2A8A3A}.Release|x86.ActiveCfg = Release|Any CPU
		{96462F00-0865-4F94-8337-F54F3B2A8A3A}.Release|x86.Build.0 = Release|Any CPU
		{26088D7C-BD2B-4C0C-AD59-B24E550BF941}.Debug|Any CPU.ActiveCfg = Debug|Any CPU
		{26088D7C-BD2B-4C0C-AD59-B24E550BF941}.Debug|Any CPU.Build.0 = Debug|Any CPU
		{26088D7C-BD2B-4C0C-AD59-B24E550BF941}.Debug|x64.ActiveCfg = Debug|Any CPU
		{26088D7C-BD2B-4C0C-AD59-B24E550BF941}.Debug|x64.Build.0 = Debug|Any CPU
		{26088D7C-BD2B-4C0C-AD59-B24E550BF941}.Debug|x86.ActiveCfg = Debug|Any CPU
		{26088D7C-BD2B-4C0C-AD59-B24E550BF941}.Debug|x86.Build.0 = Debug|Any CPU
		{26088D7C-BD2B-4C0C-AD59-B24E550BF941}.Release|Any CPU.ActiveCfg = Release|Any CPU
		{26088D7C-BD2B-4C0C-AD59-B24E550BF941}.Release|Any CPU.Build.0 = Release|Any CPU
		{26088D7C-BD2B-4C0C-AD59-B24E550BF941}.Release|x64.ActiveCfg = Release|Any CPU
		{26088D7C-BD2B-4C0C-AD59-B24E550BF941}.Release|x64.Build.0 = Release|Any CPU
		{26088D7C-BD2B-4C0C-AD59-B24E550BF941}.Release|x86.ActiveCfg = Release|Any CPU
		{26088D7C-BD2B-4C0C-AD59-B24E550BF941}.Release|x86.Build.0 = Release|Any CPU
	EndGlobalSection
	GlobalSection(SolutionProperties) = preSolution
		HideSolutionNode = FALSE
	EndGlobalSection
	GlobalSection(ExtensibilityGlobals) = postSolution
		SolutionGuid = {54BFDE4C-1ED3-4AB7-BBF4-2B9507B50ACA}
	EndGlobalSection
EndGlobal
