
Microsoft Visual Studio Solution File, Format Version 12.00
# Visual Studio Version 17
VisualStudioVersion = 17.8.34525.116
MinimumVisualStudioVersion = 10.0.40219.1
Project("{9A19103F-16F7-4668-BE54-9A1E7A4F7556}") = "Cod.Abstractions", "Cod.Abstractions\Cod.Abstractions.csproj", "{6D43C27D-58BB-42BD-9181-3B8C33D6F26D}"
EndProject
Project("{9A19103F-16F7-4668-BE54-9A1E7A4F7556}") = "Cod.Platform", "Cod.Platform\Cod.Platform.csproj", "{E19C95B6-1DAC-42EF-AF4A-410CCE6B32A3}"
EndProject
Project("{9A19103F-16F7-4668-BE54-9A1E7A4F7556}") = "Cod.Channel", "Cod.Channel\Cod.Channel.csproj", "{C4449D0D-51FE-4C66-AA17-F61A3A785FD2}"
EndProject
Project("{9A19103F-16F7-4668-BE54-9A1E7A4F7556}") = "Cod.Helper", "Cod.Helper\Cod.Helper.csproj", "{9FCFF412-38EF-4353-AADC-E3EDDD058689}"
EndProject
Project("{9A19103F-16F7-4668-BE54-9A1E7A4F7556}") = "Cod.Platform.Firebase", "Cod.Platform.Firebase\Cod.Platform.Firebase.csproj", "{7AA296E8-BB3A-4ED9-80BA-B59FDD09C1E6}"
EndProject
Project("{9A19103F-16F7-4668-BE54-9A1E7A4F7556}") = "Cod.Channel.Blazor", "Cod.Channel.Blazor\Cod.Channel.Blazor.csproj", "{96462F00-0865-4F94-8337-F54F3B2A8A3A}"
EndProject
Project("{9A19103F-16F7-4668-BE54-9A1E7A4F7556}") = "Cod.Platform.Apple", "Cod.Platform.Apple\Cod.Platform.Apple.csproj", "{26088D7C-BD2B-4C0C-AD59-B24E550BF941}"
EndProject
Project("{2150E333-8FDC-42A3-9474-1A3956D46DE8}") = "Solution Items", "Solution Items", "{613EC49C-1EB9-4F99-B609-CC4383A2F36B}"
	ProjectSection(SolutionItems) = preProject
		.editorconfig = .editorconfig
		azure-pipelines.yml = azure-pipelines.yml
		README.md = README.md
	EndProjectSection
EndProject
Project("{9A19103F-16F7-4668-BE54-9A1E7A4F7556}") = "Cod.Channel.Mobile", "Cod.Channel.Mobile\Cod.Channel.Mobile.csproj", "{9BE2ED65-1844-405B-ABC4-25E6FEA18DE5}"
EndProject
Project("{9A19103F-16F7-4668-BE54-9A1E7A4F7556}") = "Cod.Platform.Finance.Stripe", "Cod.Platform.Finance.Stripe\Cod.Platform.Finance.Stripe.csproj", "{8D60A293-46B3-4733-A60A-7E2E10BB0A1F}"
EndProject
Project("{9A19103F-16F7-4668-BE54-9A1E7A4F7556}") = "Cod.Channel.Device", "Cod.Channel.Device\Cod.Channel.Device.csproj", "{975BE67B-6159-480D-A6A1-FDE3CAF7EE3B}"
EndProject
Project("{9A19103F-16F7-4668-BE54-9A1E7A4F7556}") = "Cod.Messaging.StorageAccount", "Cod.Messaging.StorageAccount\Cod.Messaging.StorageAccount.csproj", "{6485139E-14F3-443F-B3DC-08C478B4F40C}"
EndProject
Project("{9A19103F-16F7-4668-BE54-9A1E7A4F7556}") = "Cod.File.Blob", "Cod.File.Blob\Cod.File.Blob.csproj", "{0D4F65EA-828B-4315-927D-23EDC047E92F}"
EndProject
Project("{9A19103F-16F7-4668-BE54-9A1E7A4F7556}") = "Cod.Platform.Finance", "Cod.Platform.Finance\Cod.Platform.Finance.csproj", "{6452ECBB-CD25-4B26-B40F-650577ABA2E2}"
EndProject
Project("{9A19103F-16F7-4668-BE54-9A1E7A4F7556}") = "Cod.Platform.Identity", "Cod.Platform.Identity\Cod.Platform.Identity.csproj", "{CA7AA76E-FD7A-40F1-97AB-D5B78ECFF778}"
EndProject
Project("{9A19103F-16F7-4668-BE54-9A1E7A4F7556}") = "Cod.Platform.Notification", "Cod.Platform.Notification\Cod.Platform.Notification.csproj", "{4CE11963-1D68-4D1C-B4E3-7FFC0CED858C}"
EndProject
Project("{9A19103F-16F7-4668-BE54-9A1E7A4F7556}") = "Cod.Platform.Locking", "Cod.Platform.Locking\Cod.Platform.Locking.csproj", "{9C826BB1-C70E-4BF3-9565-7A55E8FE3948}"
EndProject
Project("{9A19103F-16F7-4668-BE54-9A1E7A4F7556}") = "Cod.Platform.Speech", "Cod.Platform.Speech\Cod.Platform.Speech.csproj", "{DF6CA7B1-D2CB-4B33-909C-388322D28DC3}"
EndProject
Project("{9A19103F-16F7-4668-BE54-9A1E7A4F7556}") = "Cod.Platform.OpenAI", "Cod.Platform.OpenAI\Cod.Platform.OpenAI.csproj", "{3E2A4FD5-376C-4585-813C-E741EB45D635}"
EndProject
Project("{9A19103F-16F7-4668-BE54-9A1E7A4F7556}") = "Cod.Channel.Identity", "Cod.Channel.Identity\Cod.Channel.Identity.csproj", "{9DBC93C1-C3D8-4D1B-8AC4-C557D6AE205E}"
EndProject
Project("{9A19103F-16F7-4668-BE54-9A1E7A4F7556}") = "Cod.Channel.Identity.Blazor", "Cod.Channel.Identity.Blazor\Cod.Channel.Identity.Blazor.csproj", "{5E7F55CE-E000-45E6-9440-5281ABB86268}"
EndProject
Project("{9A19103F-16F7-4668-BE54-9A1E7A4F7556}") = "Cod.Channel.Speech.Blazor", "Cod.Channel.Speech.Blazor\Cod.Channel.Speech.Blazor.csproj", "{7FC15F10-06D0-444E-A8E9-1B40BDA6BC88}"
EndProject
Project("{9A19103F-16F7-4668-BE54-9A1E7A4F7556}") = "Cod.Channel.Speech", "Cod.Channel.Speech\Cod.Channel.Speech.csproj", "{D51A074F-B4C7-4949-8E74-CB6DB3F8B687}"
EndProject
Project("{9A19103F-16F7-4668-BE54-9A1E7A4F7556}") = "Cod.Messaging", "Cod.Messaging\Cod.Messaging.csproj", "{AFB2E093-6CE2-4401-9973-422A176BA18E}"
EndProject
Project("{9A19103F-16F7-4668-BE54-9A1E7A4F7556}") = "Cod.Device", "Cod.Device\Cod.Device.csproj", "{199CBDCE-530B-4F39-ACE2-12341559E067}"
EndProject
Project("{9A19103F-16F7-4668-BE54-9A1E7A4F7556}") = "Cod.Device.IoTHub", "Cod.Device.IoTHub\Cod.Device.IoTHub.csproj", "{CD19AA07-C648-449D-8B45-F05A598C15A8}"
EndProject
Project("{9A19103F-16F7-4668-BE54-9A1E7A4F7556}") = "Cod.Messaging.ServiceBus", "Cod.Messaging.ServiceBus\Cod.Messaging.ServiceBus.csproj", "{C2714944-9505-45EB-B9D0-A967E3A6BD71}"
EndProject
Project("{9A19103F-16F7-4668-BE54-9A1E7A4F7556}") = "Cod.Identity", "Cod.Identity\Cod.Identity.csproj", "{801E635E-3F10-401D-9C9D-AE88A14BBF3D}"
EndProject
Project("{9A19103F-16F7-4668-BE54-9A1E7A4F7556}") = "Cod.File", "Cod.File\Cod.File.csproj", "{4F116CFC-4AD8-407C-A789-3EBDE7BB3155}"
EndProject
Project("{9A19103F-16F7-4668-BE54-9A1E7A4F7556}") = "Cod.Platform.Blob", "Cod.Platform.Blob\Cod.Platform.Blob.csproj", "{229844D0-3694-4C76-8458-32724E71686B}"
EndProject
Project("{9A19103F-16F7-4668-BE54-9A1E7A4F7556}") = "Cod.Platform.ServiceBus", "Cod.Platform.ServiceBus\Cod.Platform.ServiceBus.csproj", "{7490E107-803C-4A66-8002-D714CD61EE11}"
EndProject
Project("{9A19103F-16F7-4668-BE54-9A1E7A4F7556}") = "Cod.Database.StorageTable", "Cod.Database.StorageTable\Cod.Database.StorageTable.csproj", "{20267729-E0C0-4F1A-8D87-4F08C443DB77}"
EndProject
Project("{9A19103F-16F7-4668-BE54-9A1E7A4F7556}") = "Cod.Platform.StorageTable", "Cod.Platform.StorageTable\Cod.Platform.StorageTable.csproj", "{3F19B9A0-8410-4576-932D-89BEFEC2DF9B}"
EndProject
Project("{FAE04EC0-301F-11D3-BF4B-00C04F79EFBC}") = "Cod.Platform.Notification.Email", "Cod.Platform.Notification.Email\Cod.Platform.Notification.Email.csproj", "{E2780831-9DD4-4AEC-B551-2BC7FF9EF7BC}"
EndProject
Project("{FAE04EC0-301F-11D3-BF4B-00C04F79EFBC}") = "Cod.Platform.Notification.Email.Resend", "Cod.Platform.Notification.Email.Resend\Cod.Platform.Notification.Email.Resend.csproj", "{1597E370-69DC-4FC6-B69A-46D564756D9E}"
EndProject
Project("{FAE04EC0-301F-11D3-BF4B-00C04F79EFBC}") = "Cod.Profile", "Cod.Profile\Cod.Profile.csproj", "{3587651C-96CF-4FCD-B326-A8345217FA35}"
EndProject
Project("{FAE04EC0-301F-11D3-BF4B-00C04F79EFBC}") = "Cod.Channel.Profile", "Cod.Channel.Profile\Cod.Channel.Profile.csproj", "{B8045479-0D07-482C-8D4E-A2262D90EEBF}"
EndProject
Project("{FAE04EC0-301F-11D3-BF4B-00C04F79EFBC}") = "Cod.Platform.Captcha.ReCaptcha", "Cod.Platform.Captcha.Recaptcha\Cod.Platform.Captcha.ReCaptcha.csproj", "{91DA3B3F-34DB-45B2-8C67-EBA0CDC8EAE1}"
EndProject
Project("{FAE04EC0-301F-11D3-BF4B-00C04F79EFBC}") = "Cod.Finance", "Cod.Finance\Cod.Finance.csproj", "{08CAD8ED-C4A9-416C-A171-D1FCF9E43B66}"
EndProject
Global
	GlobalSection(SolutionConfigurationPlatforms) = preSolution
		Debug|Any CPU = Debug|Any CPU
		Debug|x64 = Debug|x64
		Debug|x86 = Debug|x86
		Release|Any CPU = Release|Any CPU
		Release|x64 = Release|x64
		Release|x86 = Release|x86
	EndGlobalSection
	GlobalSection(ProjectConfigurationPlatforms) = postSolution
		{6D43C27D-58BB-42BD-9181-3B8C33D6F26D}.Debug|Any CPU.ActiveCfg = Debug|Any CPU
		{6D43C27D-58BB-42BD-9181-3B8C33D6F26D}.Debug|Any CPU.Build.0 = Debug|Any CPU
		{6D43C27D-58BB-42BD-9181-3B8C33D6F26D}.Debug|x64.ActiveCfg = Debug|Any CPU
		{6D43C27D-58BB-42BD-9181-3B8C33D6F26D}.Debug|x64.Build.0 = Debug|Any CPU
		{6D43C27D-58BB-42BD-9181-3B8C33D6F26D}.Debug|x86.ActiveCfg = Debug|Any CPU
		{6D43C27D-58BB-42BD-9181-3B8C33D6F26D}.Debug|x86.Build.0 = Debug|Any CPU
		{6D43C27D-58BB-42BD-9181-3B8C33D6F26D}.Release|Any CPU.ActiveCfg = Release|Any CPU
		{6D43C27D-58BB-42BD-9181-3B8C33D6F26D}.Release|Any CPU.Build.0 = Release|Any CPU
		{6D43C27D-58BB-42BD-9181-3B8C33D6F26D}.Release|x64.ActiveCfg = Release|Any CPU
		{6D43C27D-58BB-42BD-9181-3B8C33D6F26D}.Release|x64.Build.0 = Release|Any CPU
		{6D43C27D-58BB-42BD-9181-3B8C33D6F26D}.Release|x86.ActiveCfg = Release|Any CPU
		{6D43C27D-58BB-42BD-9181-3B8C33D6F26D}.Release|x86.Build.0 = Release|Any CPU
		{E19C95B6-1DAC-42EF-AF4A-410CCE6B32A3}.Debug|Any CPU.ActiveCfg = Debug|Any CPU
		{E19C95B6-1DAC-42EF-AF4A-410CCE6B32A3}.Debug|Any CPU.Build.0 = Debug|Any CPU
		{E19C95B6-1DAC-42EF-AF4A-410CCE6B32A3}.Debug|x64.ActiveCfg = Debug|Any CPU
		{E19C95B6-1DAC-42EF-AF4A-410CCE6B32A3}.Debug|x64.Build.0 = Debug|Any CPU
		{E19C95B6-1DAC-42EF-AF4A-410CCE6B32A3}.Debug|x86.ActiveCfg = Debug|Any CPU
		{E19C95B6-1DAC-42EF-AF4A-410CCE6B32A3}.Debug|x86.Build.0 = Debug|Any CPU
		{E19C95B6-1DAC-42EF-AF4A-410CCE6B32A3}.Release|Any CPU.ActiveCfg = Release|Any CPU
		{E19C95B6-1DAC-42EF-AF4A-410CCE6B32A3}.Release|Any CPU.Build.0 = Release|Any CPU
		{E19C95B6-1DAC-42EF-AF4A-410CCE6B32A3}.Release|x64.ActiveCfg = Release|Any CPU
		{E19C95B6-1DAC-42EF-AF4A-410CCE6B32A3}.Release|x64.Build.0 = Release|Any CPU
		{E19C95B6-1DAC-42EF-AF4A-410CCE6B32A3}.Release|x86.ActiveCfg = Release|Any CPU
		{E19C95B6-1DAC-42EF-AF4A-410CCE6B32A3}.Release|x86.Build.0 = Release|Any CPU
		{C4449D0D-51FE-4C66-AA17-F61A3A785FD2}.Debug|Any CPU.ActiveCfg = Debug|Any CPU
		{C4449D0D-51FE-4C66-AA17-F61A3A785FD2}.Debug|Any CPU.Build.0 = Debug|Any CPU
		{C4449D0D-51FE-4C66-AA17-F61A3A785FD2}.Debug|x64.ActiveCfg = Debug|Any CPU
		{C4449D0D-51FE-4C66-AA17-F61A3A785FD2}.Debug|x64.Build.0 = Debug|Any CPU
		{C4449D0D-51FE-4C66-AA17-F61A3A785FD2}.Debug|x86.ActiveCfg = Debug|Any CPU
		{C4449D0D-51FE-4C66-AA17-F61A3A785FD2}.Debug|x86.Build.0 = Debug|Any CPU
		{C4449D0D-51FE-4C66-AA17-F61A3A785FD2}.Release|Any CPU.ActiveCfg = Release|Any CPU
		{C4449D0D-51FE-4C66-AA17-F61A3A785FD2}.Release|Any CPU.Build.0 = Release|Any CPU
		{C4449D0D-51FE-4C66-AA17-F61A3A785FD2}.Release|x64.ActiveCfg = Release|Any CPU
		{C4449D0D-51FE-4C66-AA17-F61A3A785FD2}.Release|x64.Build.0 = Release|Any CPU
		{C4449D0D-51FE-4C66-AA17-F61A3A785FD2}.Release|x86.ActiveCfg = Release|Any CPU
		{C4449D0D-51FE-4C66-AA17-F61A3A785FD2}.Release|x86.Build.0 = Release|Any CPU
		{9FCFF412-38EF-4353-AADC-E3EDDD058689}.Debug|Any CPU.ActiveCfg = Debug|Any CPU
		{9FCFF412-38EF-4353-AADC-E3EDDD058689}.Debug|Any CPU.Build.0 = Debug|Any CPU
		{9FCFF412-38EF-4353-AADC-E3EDDD058689}.Debug|x64.ActiveCfg = Debug|Any CPU
		{9FCFF412-38EF-4353-AADC-E3EDDD058689}.Debug|x64.Build.0 = Debug|Any CPU
		{9FCFF412-38EF-4353-AADC-E3EDDD058689}.Debug|x86.ActiveCfg = Debug|Any CPU
		{9FCFF412-38EF-4353-AADC-E3EDDD058689}.Debug|x86.Build.0 = Debug|Any CPU
		{9FCFF412-38EF-4353-AADC-E3EDDD058689}.Release|Any CPU.ActiveCfg = Release|Any CPU
		{9FCFF412-38EF-4353-AADC-E3EDDD058689}.Release|Any CPU.Build.0 = Release|Any CPU
		{9FCFF412-38EF-4353-AADC-E3EDDD058689}.Release|x64.ActiveCfg = Release|Any CPU
		{9FCFF412-38EF-4353-AADC-E3EDDD058689}.Release|x64.Build.0 = Release|Any CPU
		{9FCFF412-38EF-4353-AADC-E3EDDD058689}.Release|x86.ActiveCfg = Release|Any CPU
		{9FCFF412-38EF-4353-AADC-E3EDDD058689}.Release|x86.Build.0 = Release|Any CPU
		{7AA296E8-BB3A-4ED9-80BA-B59FDD09C1E6}.Debug|Any CPU.ActiveCfg = Debug|Any CPU
		{7AA296E8-BB3A-4ED9-80BA-B59FDD09C1E6}.Debug|Any CPU.Build.0 = Debug|Any CPU
		{7AA296E8-BB3A-4ED9-80BA-B59FDD09C1E6}.Debug|x64.ActiveCfg = Debug|Any CPU
		{7AA296E8-BB3A-4ED9-80BA-B59FDD09C1E6}.Debug|x64.Build.0 = Debug|Any CPU
		{7AA296E8-BB3A-4ED9-80BA-B59FDD09C1E6}.Debug|x86.ActiveCfg = Debug|Any CPU
		{7AA296E8-BB3A-4ED9-80BA-B59FDD09C1E6}.Debug|x86.Build.0 = Debug|Any CPU
		{7AA296E8-BB3A-4ED9-80BA-B59FDD09C1E6}.Release|Any CPU.ActiveCfg = Release|Any CPU
		{7AA296E8-BB3A-4ED9-80BA-B59FDD09C1E6}.Release|Any CPU.Build.0 = Release|Any CPU
		{7AA296E8-BB3A-4ED9-80BA-B59FDD09C1E6}.Release|x64.ActiveCfg = Release|Any CPU
		{7AA296E8-BB3A-4ED9-80BA-B59FDD09C1E6}.Release|x64.Build.0 = Release|Any CPU
		{7AA296E8-BB3A-4ED9-80BA-B59FDD09C1E6}.Release|x86.ActiveCfg = Release|Any CPU
		{7AA296E8-BB3A-4ED9-80BA-B59FDD09C1E6}.Release|x86.Build.0 = Release|Any CPU
		{96462F00-0865-4F94-8337-F54F3B2A8A3A}.Debug|Any CPU.ActiveCfg = Debug|Any CPU
		{96462F00-0865-4F94-8337-F54F3B2A8A3A}.Debug|Any CPU.Build.0 = Debug|Any CPU
		{96462F00-0865-4F94-8337-F54F3B2A8A3A}.Debug|x64.ActiveCfg = Debug|Any CPU
		{96462F00-0865-4F94-8337-F54F3B2A8A3A}.Debug|x64.Build.0 = Debug|Any CPU
		{96462F00-0865-4F94-8337-F54F3B2A8A3A}.Debug|x86.ActiveCfg = Debug|Any CPU
		{96462F00-0865-4F94-8337-F54F3B2A8A3A}.Debug|x86.Build.0 = Debug|Any CPU
		{96462F00-0865-4F94-8337-F54F3B2A8A3A}.Release|Any CPU.ActiveCfg = Release|Any CPU
		{96462F00-0865-4F94-8337-F54F3B2A8A3A}.Release|Any CPU.Build.0 = Release|Any CPU
		{96462F00-0865-4F94-8337-F54F3B2A8A3A}.Release|x64.ActiveCfg = Release|Any CPU
		{96462F00-0865-4F94-8337-F54F3B2A8A3A}.Release|x64.Build.0 = Release|Any CPU
		{96462F00-0865-4F94-8337-F54F3B2A8A3A}.Release|x86.ActiveCfg = Release|Any CPU
		{96462F00-0865-4F94-8337-F54F3B2A8A3A}.Release|x86.Build.0 = Release|Any CPU
		{26088D7C-BD2B-4C0C-AD59-B24E550BF941}.Debug|Any CPU.ActiveCfg = Debug|Any CPU
		{26088D7C-BD2B-4C0C-AD59-B24E550BF941}.Debug|Any CPU.Build.0 = Debug|Any CPU
		{26088D7C-BD2B-4C0C-AD59-B24E550BF941}.Debug|x64.ActiveCfg = Debug|Any CPU
		{26088D7C-BD2B-4C0C-AD59-B24E550BF941}.Debug|x64.Build.0 = Debug|Any CPU
		{26088D7C-BD2B-4C0C-AD59-B24E550BF941}.Debug|x86.ActiveCfg = Debug|Any CPU
		{26088D7C-BD2B-4C0C-AD59-B24E550BF941}.Debug|x86.Build.0 = Debug|Any CPU
		{26088D7C-BD2B-4C0C-AD59-B24E550BF941}.Release|Any CPU.ActiveCfg = Release|Any CPU
		{26088D7C-BD2B-4C0C-AD59-B24E550BF941}.Release|Any CPU.Build.0 = Release|Any CPU
		{26088D7C-BD2B-4C0C-AD59-B24E550BF941}.Release|x64.ActiveCfg = Release|Any CPU
		{26088D7C-BD2B-4C0C-AD59-B24E550BF941}.Release|x64.Build.0 = Release|Any CPU
		{26088D7C-BD2B-4C0C-AD59-B24E550BF941}.Release|x86.ActiveCfg = Release|Any CPU
		{26088D7C-BD2B-4C0C-AD59-B24E550BF941}.Release|x86.Build.0 = Release|Any CPU
		{9BE2ED65-1844-405B-ABC4-25E6FEA18DE5}.Debug|Any CPU.ActiveCfg = Debug|Any CPU
		{9BE2ED65-1844-405B-ABC4-25E6FEA18DE5}.Debug|Any CPU.Build.0 = Debug|Any CPU
		{9BE2ED65-1844-405B-ABC4-25E6FEA18DE5}.Debug|x64.ActiveCfg = Debug|Any CPU
		{9BE2ED65-1844-405B-ABC4-25E6FEA18DE5}.Debug|x64.Build.0 = Debug|Any CPU
		{9BE2ED65-1844-405B-ABC4-25E6FEA18DE5}.Debug|x86.ActiveCfg = Debug|Any CPU
		{9BE2ED65-1844-405B-ABC4-25E6FEA18DE5}.Debug|x86.Build.0 = Debug|Any CPU
		{9BE2ED65-1844-405B-ABC4-25E6FEA18DE5}.Release|Any CPU.ActiveCfg = Release|Any CPU
		{9BE2ED65-1844-405B-ABC4-25E6FEA18DE5}.Release|Any CPU.Build.0 = Release|Any CPU
		{9BE2ED65-1844-405B-ABC4-25E6FEA18DE5}.Release|x64.ActiveCfg = Release|Any CPU
		{9BE2ED65-1844-405B-ABC4-25E6FEA18DE5}.Release|x64.Build.0 = Release|Any CPU
		{9BE2ED65-1844-405B-ABC4-25E6FEA18DE5}.Release|x86.ActiveCfg = Release|Any CPU
		{9BE2ED65-1844-405B-ABC4-25E6FEA18DE5}.Release|x86.Build.0 = Release|Any CPU
		{8D60A293-46B3-4733-A60A-7E2E10BB0A1F}.Debug|Any CPU.ActiveCfg = Debug|Any CPU
		{8D60A293-46B3-4733-A60A-7E2E10BB0A1F}.Debug|Any CPU.Build.0 = Debug|Any CPU
		{8D60A293-46B3-4733-A60A-7E2E10BB0A1F}.Debug|x64.ActiveCfg = Debug|Any CPU
		{8D60A293-46B3-4733-A60A-7E2E10BB0A1F}.Debug|x64.Build.0 = Debug|Any CPU
		{8D60A293-46B3-4733-A60A-7E2E10BB0A1F}.Debug|x86.ActiveCfg = Debug|Any CPU
		{8D60A293-46B3-4733-A60A-7E2E10BB0A1F}.Debug|x86.Build.0 = Debug|Any CPU
		{8D60A293-46B3-4733-A60A-7E2E10BB0A1F}.Release|Any CPU.ActiveCfg = Release|Any CPU
		{8D60A293-46B3-4733-A60A-7E2E10BB0A1F}.Release|Any CPU.Build.0 = Release|Any CPU
		{8D60A293-46B3-4733-A60A-7E2E10BB0A1F}.Release|x64.ActiveCfg = Release|Any CPU
		{8D60A293-46B3-4733-A60A-7E2E10BB0A1F}.Release|x64.Build.0 = Release|Any CPU
		{8D60A293-46B3-4733-A60A-7E2E10BB0A1F}.Release|x86.ActiveCfg = Release|Any CPU
		{8D60A293-46B3-4733-A60A-7E2E10BB0A1F}.Release|x86.Build.0 = Release|Any CPU
		{975BE67B-6159-480D-A6A1-FDE3CAF7EE3B}.Debug|Any CPU.ActiveCfg = Debug|Any CPU
		{975BE67B-6159-480D-A6A1-FDE3CAF7EE3B}.Debug|Any CPU.Build.0 = Debug|Any CPU
		{975BE67B-6159-480D-A6A1-FDE3CAF7EE3B}.Debug|x64.ActiveCfg = Debug|Any CPU
		{975BE67B-6159-480D-A6A1-FDE3CAF7EE3B}.Debug|x64.Build.0 = Debug|Any CPU
		{975BE67B-6159-480D-A6A1-FDE3CAF7EE3B}.Debug|x86.ActiveCfg = Debug|Any CPU
		{975BE67B-6159-480D-A6A1-FDE3CAF7EE3B}.Debug|x86.Build.0 = Debug|Any CPU
		{975BE67B-6159-480D-A6A1-FDE3CAF7EE3B}.Release|Any CPU.ActiveCfg = Release|Any CPU
		{975BE67B-6159-480D-A6A1-FDE3CAF7EE3B}.Release|Any CPU.Build.0 = Release|Any CPU
		{975BE67B-6159-480D-A6A1-FDE3CAF7EE3B}.Release|x64.ActiveCfg = Release|Any CPU
		{975BE67B-6159-480D-A6A1-FDE3CAF7EE3B}.Release|x64.Build.0 = Release|Any CPU
		{975BE67B-6159-480D-A6A1-FDE3CAF7EE3B}.Release|x86.ActiveCfg = Release|Any CPU
		{975BE67B-6159-480D-A6A1-FDE3CAF7EE3B}.Release|x86.Build.0 = Release|Any CPU
		{6485139E-14F3-443F-B3DC-08C478B4F40C}.Debug|Any CPU.ActiveCfg = Debug|Any CPU
		{6485139E-14F3-443F-B3DC-08C478B4F40C}.Debug|Any CPU.Build.0 = Debug|Any CPU
		{6485139E-14F3-443F-B3DC-08C478B4F40C}.Debug|x64.ActiveCfg = Debug|Any CPU
		{6485139E-14F3-443F-B3DC-08C478B4F40C}.Debug|x64.Build.0 = Debug|Any CPU
		{6485139E-14F3-443F-B3DC-08C478B4F40C}.Debug|x86.ActiveCfg = Debug|Any CPU
		{6485139E-14F3-443F-B3DC-08C478B4F40C}.Debug|x86.Build.0 = Debug|Any CPU
		{6485139E-14F3-443F-B3DC-08C478B4F40C}.Release|Any CPU.ActiveCfg = Release|Any CPU
		{6485139E-14F3-443F-B3DC-08C478B4F40C}.Release|Any CPU.Build.0 = Release|Any CPU
		{6485139E-14F3-443F-B3DC-08C478B4F40C}.Release|x64.ActiveCfg = Release|Any CPU
		{6485139E-14F3-443F-B3DC-08C478B4F40C}.Release|x64.Build.0 = Release|Any CPU
		{6485139E-14F3-443F-B3DC-08C478B4F40C}.Release|x86.ActiveCfg = Release|Any CPU
		{6485139E-14F3-443F-B3DC-08C478B4F40C}.Release|x86.Build.0 = Release|Any CPU
		{0D4F65EA-828B-4315-927D-23EDC047E92F}.Debug|Any CPU.ActiveCfg = Debug|Any CPU
		{0D4F65EA-828B-4315-927D-23EDC047E92F}.Debug|Any CPU.Build.0 = Debug|Any CPU
		{0D4F65EA-828B-4315-927D-23EDC047E92F}.Debug|x64.ActiveCfg = Debug|Any CPU
		{0D4F65EA-828B-4315-927D-23EDC047E92F}.Debug|x64.Build.0 = Debug|Any CPU
		{0D4F65EA-828B-4315-927D-23EDC047E92F}.Debug|x86.ActiveCfg = Debug|Any CPU
		{0D4F65EA-828B-4315-927D-23EDC047E92F}.Debug|x86.Build.0 = Debug|Any CPU
		{0D4F65EA-828B-4315-927D-23EDC047E92F}.Release|Any CPU.ActiveCfg = Release|Any CPU
		{0D4F65EA-828B-4315-927D-23EDC047E92F}.Release|Any CPU.Build.0 = Release|Any CPU
		{0D4F65EA-828B-4315-927D-23EDC047E92F}.Release|x64.ActiveCfg = Release|Any CPU
		{0D4F65EA-828B-4315-927D-23EDC047E92F}.Release|x64.Build.0 = Release|Any CPU
		{0D4F65EA-828B-4315-927D-23EDC047E92F}.Release|x86.ActiveCfg = Release|Any CPU
		{0D4F65EA-828B-4315-927D-23EDC047E92F}.Release|x86.Build.0 = Release|Any CPU
		{6452ECBB-CD25-4B26-B40F-650577ABA2E2}.Debug|Any CPU.ActiveCfg = Debug|Any CPU
		{6452ECBB-CD25-4B26-B40F-650577ABA2E2}.Debug|Any CPU.Build.0 = Debug|Any CPU
		{6452ECBB-CD25-4B26-B40F-650577ABA2E2}.Debug|x64.ActiveCfg = Debug|Any CPU
		{6452ECBB-CD25-4B26-B40F-650577ABA2E2}.Debug|x64.Build.0 = Debug|Any CPU
		{6452ECBB-CD25-4B26-B40F-650577ABA2E2}.Debug|x86.ActiveCfg = Debug|Any CPU
		{6452ECBB-CD25-4B26-B40F-650577ABA2E2}.Debug|x86.Build.0 = Debug|Any CPU
		{6452ECBB-CD25-4B26-B40F-650577ABA2E2}.Release|Any CPU.ActiveCfg = Release|Any CPU
		{6452ECBB-CD25-4B26-B40F-650577ABA2E2}.Release|Any CPU.Build.0 = Release|Any CPU
		{6452ECBB-CD25-4B26-B40F-650577ABA2E2}.Release|x64.ActiveCfg = Release|Any CPU
		{6452ECBB-CD25-4B26-B40F-650577ABA2E2}.Release|x64.Build.0 = Release|Any CPU
		{6452ECBB-CD25-4B26-B40F-650577ABA2E2}.Release|x86.ActiveCfg = Release|Any CPU
		{6452ECBB-CD25-4B26-B40F-650577ABA2E2}.Release|x86.Build.0 = Release|Any CPU
		{CA7AA76E-FD7A-40F1-97AB-D5B78ECFF778}.Debug|Any CPU.ActiveCfg = Debug|Any CPU
		{CA7AA76E-FD7A-40F1-97AB-D5B78ECFF778}.Debug|Any CPU.Build.0 = Debug|Any CPU
		{CA7AA76E-FD7A-40F1-97AB-D5B78ECFF778}.Debug|x64.ActiveCfg = Debug|Any CPU
		{CA7AA76E-FD7A-40F1-97AB-D5B78ECFF778}.Debug|x64.Build.0 = Debug|Any CPU
		{CA7AA76E-FD7A-40F1-97AB-D5B78ECFF778}.Debug|x86.ActiveCfg = Debug|Any CPU
		{CA7AA76E-FD7A-40F1-97AB-D5B78ECFF778}.Debug|x86.Build.0 = Debug|Any CPU
		{CA7AA76E-FD7A-40F1-97AB-D5B78ECFF778}.Release|Any CPU.ActiveCfg = Release|Any CPU
		{CA7AA76E-FD7A-40F1-97AB-D5B78ECFF778}.Release|Any CPU.Build.0 = Release|Any CPU
		{CA7AA76E-FD7A-40F1-97AB-D5B78ECFF778}.Release|x64.ActiveCfg = Release|Any CPU
		{CA7AA76E-FD7A-40F1-97AB-D5B78ECFF778}.Release|x64.Build.0 = Release|Any CPU
		{CA7AA76E-FD7A-40F1-97AB-D5B78ECFF778}.Release|x86.ActiveCfg = Release|Any CPU
		{CA7AA76E-FD7A-40F1-97AB-D5B78ECFF778}.Release|x86.Build.0 = Release|Any CPU
		{4CE11963-1D68-4D1C-B4E3-7FFC0CED858C}.Debug|Any CPU.ActiveCfg = Debug|Any CPU
		{4CE11963-1D68-4D1C-B4E3-7FFC0CED858C}.Debug|Any CPU.Build.0 = Debug|Any CPU
		{4CE11963-1D68-4D1C-B4E3-7FFC0CED858C}.Debug|x64.ActiveCfg = Debug|Any CPU
		{4CE11963-1D68-4D1C-B4E3-7FFC0CED858C}.Debug|x64.Build.0 = Debug|Any CPU
		{4CE11963-1D68-4D1C-B4E3-7FFC0CED858C}.Debug|x86.ActiveCfg = Debug|Any CPU
		{4CE11963-1D68-4D1C-B4E3-7FFC0CED858C}.Debug|x86.Build.0 = Debug|Any CPU
		{4CE11963-1D68-4D1C-B4E3-7FFC0CED858C}.Release|Any CPU.ActiveCfg = Release|Any CPU
		{4CE11963-1D68-4D1C-B4E3-7FFC0CED858C}.Release|Any CPU.Build.0 = Release|Any CPU
		{4CE11963-1D68-4D1C-B4E3-7FFC0CED858C}.Release|x64.ActiveCfg = Release|Any CPU
		{4CE11963-1D68-4D1C-B4E3-7FFC0CED858C}.Release|x64.Build.0 = Release|Any CPU
		{4CE11963-1D68-4D1C-B4E3-7FFC0CED858C}.Release|x86.ActiveCfg = Release|Any CPU
		{4CE11963-1D68-4D1C-B4E3-7FFC0CED858C}.Release|x86.Build.0 = Release|Any CPU
		{9C826BB1-C70E-4BF3-9565-7A55E8FE3948}.Debug|Any CPU.ActiveCfg = Debug|Any CPU
		{9C826BB1-C70E-4BF3-9565-7A55E8FE3948}.Debug|Any CPU.Build.0 = Debug|Any CPU
		{9C826BB1-C70E-4BF3-9565-7A55E8FE3948}.Debug|x64.ActiveCfg = Debug|Any CPU
		{9C826BB1-C70E-4BF3-9565-7A55E8FE3948}.Debug|x64.Build.0 = Debug|Any CPU
		{9C826BB1-C70E-4BF3-9565-7A55E8FE3948}.Debug|x86.ActiveCfg = Debug|Any CPU
		{9C826BB1-C70E-4BF3-9565-7A55E8FE3948}.Debug|x86.Build.0 = Debug|Any CPU
		{9C826BB1-C70E-4BF3-9565-7A55E8FE3948}.Release|Any CPU.ActiveCfg = Release|Any CPU
		{9C826BB1-C70E-4BF3-9565-7A55E8FE3948}.Release|Any CPU.Build.0 = Release|Any CPU
		{9C826BB1-C70E-4BF3-9565-7A55E8FE3948}.Release|x64.ActiveCfg = Release|Any CPU
		{9C826BB1-C70E-4BF3-9565-7A55E8FE3948}.Release|x64.Build.0 = Release|Any CPU
		{9C826BB1-C70E-4BF3-9565-7A55E8FE3948}.Release|x86.ActiveCfg = Release|Any CPU
		{9C826BB1-C70E-4BF3-9565-7A55E8FE3948}.Release|x86.Build.0 = Release|Any CPU
		{DF6CA7B1-D2CB-4B33-909C-388322D28DC3}.Debug|Any CPU.ActiveCfg = Debug|Any CPU
		{DF6CA7B1-D2CB-4B33-909C-388322D28DC3}.Debug|Any CPU.Build.0 = Debug|Any CPU
		{DF6CA7B1-D2CB-4B33-909C-388322D28DC3}.Debug|x64.ActiveCfg = Debug|Any CPU
		{DF6CA7B1-D2CB-4B33-909C-388322D28DC3}.Debug|x64.Build.0 = Debug|Any CPU
		{DF6CA7B1-D2CB-4B33-909C-388322D28DC3}.Debug|x86.ActiveCfg = Debug|Any CPU
		{DF6CA7B1-D2CB-4B33-909C-388322D28DC3}.Debug|x86.Build.0 = Debug|Any CPU
		{DF6CA7B1-D2CB-4B33-909C-388322D28DC3}.Release|Any CPU.ActiveCfg = Release|Any CPU
		{DF6CA7B1-D2CB-4B33-909C-388322D28DC3}.Release|Any CPU.Build.0 = Release|Any CPU
		{DF6CA7B1-D2CB-4B33-909C-388322D28DC3}.Release|x64.ActiveCfg = Release|Any CPU
		{DF6CA7B1-D2CB-4B33-909C-388322D28DC3}.Release|x64.Build.0 = Release|Any CPU
		{DF6CA7B1-D2CB-4B33-909C-388322D28DC3}.Release|x86.ActiveCfg = Release|Any CPU
		{DF6CA7B1-D2CB-4B33-909C-388322D28DC3}.Release|x86.Build.0 = Release|Any CPU
		{3E2A4FD5-376C-4585-813C-E741EB45D635}.Debug|Any CPU.ActiveCfg = Debug|Any CPU
		{3E2A4FD5-376C-4585-813C-E741EB45D635}.Debug|Any CPU.Build.0 = Debug|Any CPU
		{3E2A4FD5-376C-4585-813C-E741EB45D635}.Debug|x64.ActiveCfg = Debug|Any CPU
		{3E2A4FD5-376C-4585-813C-E741EB45D635}.Debug|x64.Build.0 = Debug|Any CPU
		{3E2A4FD5-376C-4585-813C-E741EB45D635}.Debug|x86.ActiveCfg = Debug|Any CPU
		{3E2A4FD5-376C-4585-813C-E741EB45D635}.Debug|x86.Build.0 = Debug|Any CPU
		{3E2A4FD5-376C-4585-813C-E741EB45D635}.Release|Any CPU.ActiveCfg = Release|Any CPU
		{3E2A4FD5-376C-4585-813C-E741EB45D635}.Release|Any CPU.Build.0 = Release|Any CPU
		{3E2A4FD5-376C-4585-813C-E741EB45D635}.Release|x64.ActiveCfg = Release|Any CPU
		{3E2A4FD5-376C-4585-813C-E741EB45D635}.Release|x64.Build.0 = Release|Any CPU
		{3E2A4FD5-376C-4585-813C-E741EB45D635}.Release|x86.ActiveCfg = Release|Any CPU
		{3E2A4FD5-376C-4585-813C-E741EB45D635}.Release|x86.Build.0 = Release|Any CPU
		{9DBC93C1-C3D8-4D1B-8AC4-C557D6AE205E}.Debug|Any CPU.ActiveCfg = Debug|Any CPU
		{9DBC93C1-C3D8-4D1B-8AC4-C557D6AE205E}.Debug|Any CPU.Build.0 = Debug|Any CPU
		{9DBC93C1-C3D8-4D1B-8AC4-C557D6AE205E}.Debug|x64.ActiveCfg = Debug|Any CPU
		{9DBC93C1-C3D8-4D1B-8AC4-C557D6AE205E}.Debug|x64.Build.0 = Debug|Any CPU
		{9DBC93C1-C3D8-4D1B-8AC4-C557D6AE205E}.Debug|x86.ActiveCfg = Debug|Any CPU
		{9DBC93C1-C3D8-4D1B-8AC4-C557D6AE205E}.Debug|x86.Build.0 = Debug|Any CPU
		{9DBC93C1-C3D8-4D1B-8AC4-C557D6AE205E}.Release|Any CPU.ActiveCfg = Release|Any CPU
		{9DBC93C1-C3D8-4D1B-8AC4-C557D6AE205E}.Release|Any CPU.Build.0 = Release|Any CPU
		{9DBC93C1-C3D8-4D1B-8AC4-C557D6AE205E}.Release|x64.ActiveCfg = Release|Any CPU
		{9DBC93C1-C3D8-4D1B-8AC4-C557D6AE205E}.Release|x64.Build.0 = Release|Any CPU
		{9DBC93C1-C3D8-4D1B-8AC4-C557D6AE205E}.Release|x86.ActiveCfg = Release|Any CPU
		{9DBC93C1-C3D8-4D1B-8AC4-C557D6AE205E}.Release|x86.Build.0 = Release|Any CPU
		{5E7F55CE-E000-45E6-9440-5281ABB86268}.Debug|Any CPU.ActiveCfg = Debug|Any CPU
		{5E7F55CE-E000-45E6-9440-5281ABB86268}.Debug|Any CPU.Build.0 = Debug|Any CPU
		{5E7F55CE-E000-45E6-9440-5281ABB86268}.Debug|x64.ActiveCfg = Debug|Any CPU
		{5E7F55CE-E000-45E6-9440-5281ABB86268}.Debug|x64.Build.0 = Debug|Any CPU
		{5E7F55CE-E000-45E6-9440-5281ABB86268}.Debug|x86.ActiveCfg = Debug|Any CPU
		{5E7F55CE-E000-45E6-9440-5281ABB86268}.Debug|x86.Build.0 = Debug|Any CPU
		{5E7F55CE-E000-45E6-9440-5281ABB86268}.Release|Any CPU.ActiveCfg = Release|Any CPU
		{5E7F55CE-E000-45E6-9440-5281ABB86268}.Release|Any CPU.Build.0 = Release|Any CPU
		{5E7F55CE-E000-45E6-9440-5281ABB86268}.Release|x64.ActiveCfg = Release|Any CPU
		{5E7F55CE-E000-45E6-9440-5281ABB86268}.Release|x64.Build.0 = Release|Any CPU
		{5E7F55CE-E000-45E6-9440-5281ABB86268}.Release|x86.ActiveCfg = Release|Any CPU
		{5E7F55CE-E000-45E6-9440-5281ABB86268}.Release|x86.Build.0 = Release|Any CPU
		{7FC15F10-06D0-444E-A8E9-1B40BDA6BC88}.Debug|Any CPU.ActiveCfg = Debug|Any CPU
		{7FC15F10-06D0-444E-A8E9-1B40BDA6BC88}.Debug|Any CPU.Build.0 = Debug|Any CPU
		{7FC15F10-06D0-444E-A8E9-1B40BDA6BC88}.Debug|x64.ActiveCfg = Debug|Any CPU
		{7FC15F10-06D0-444E-A8E9-1B40BDA6BC88}.Debug|x64.Build.0 = Debug|Any CPU
		{7FC15F10-06D0-444E-A8E9-1B40BDA6BC88}.Debug|x86.ActiveCfg = Debug|Any CPU
		{7FC15F10-06D0-444E-A8E9-1B40BDA6BC88}.Debug|x86.Build.0 = Debug|Any CPU
		{7FC15F10-06D0-444E-A8E9-1B40BDA6BC88}.Release|Any CPU.ActiveCfg = Release|Any CPU
		{7FC15F10-06D0-444E-A8E9-1B40BDA6BC88}.Release|Any CPU.Build.0 = Release|Any CPU
		{7FC15F10-06D0-444E-A8E9-1B40BDA6BC88}.Release|x64.ActiveCfg = Release|Any CPU
		{7FC15F10-06D0-444E-A8E9-1B40BDA6BC88}.Release|x64.Build.0 = Release|Any CPU
		{7FC15F10-06D0-444E-A8E9-1B40BDA6BC88}.Release|x86.ActiveCfg = Release|Any CPU
		{7FC15F10-06D0-444E-A8E9-1B40BDA6BC88}.Release|x86.Build.0 = Release|Any CPU
		{D51A074F-B4C7-4949-8E74-CB6DB3F8B687}.Debug|Any CPU.ActiveCfg = Debug|Any CPU
		{D51A074F-B4C7-4949-8E74-CB6DB3F8B687}.Debug|Any CPU.Build.0 = Debug|Any CPU
		{D51A074F-B4C7-4949-8E74-CB6DB3F8B687}.Debug|x64.ActiveCfg = Debug|Any CPU
		{D51A074F-B4C7-4949-8E74-CB6DB3F8B687}.Debug|x64.Build.0 = Debug|Any CPU
		{D51A074F-B4C7-4949-8E74-CB6DB3F8B687}.Debug|x86.ActiveCfg = Debug|Any CPU
		{D51A074F-B4C7-4949-8E74-CB6DB3F8B687}.Debug|x86.Build.0 = Debug|Any CPU
		{D51A074F-B4C7-4949-8E74-CB6DB3F8B687}.Release|Any CPU.ActiveCfg = Release|Any CPU
		{D51A074F-B4C7-4949-8E74-CB6DB3F8B687}.Release|Any CPU.Build.0 = Release|Any CPU
		{D51A074F-B4C7-4949-8E74-CB6DB3F8B687}.Release|x64.ActiveCfg = Release|Any CPU
		{D51A074F-B4C7-4949-8E74-CB6DB3F8B687}.Release|x64.Build.0 = Release|Any CPU
		{D51A074F-B4C7-4949-8E74-CB6DB3F8B687}.Release|x86.ActiveCfg = Release|Any CPU
		{D51A074F-B4C7-4949-8E74-CB6DB3F8B687}.Release|x86.Build.0 = Release|Any CPU
		{AFB2E093-6CE2-4401-9973-422A176BA18E}.Debug|Any CPU.ActiveCfg = Debug|Any CPU
		{AFB2E093-6CE2-4401-9973-422A176BA18E}.Debug|Any CPU.Build.0 = Debug|Any CPU
		{AFB2E093-6CE2-4401-9973-422A176BA18E}.Debug|x64.ActiveCfg = Debug|Any CPU
		{AFB2E093-6CE2-4401-9973-422A176BA18E}.Debug|x64.Build.0 = Debug|Any CPU
		{AFB2E093-6CE2-4401-9973-422A176BA18E}.Debug|x86.ActiveCfg = Debug|Any CPU
		{AFB2E093-6CE2-4401-9973-422A176BA18E}.Debug|x86.Build.0 = Debug|Any CPU
		{AFB2E093-6CE2-4401-9973-422A176BA18E}.Release|Any CPU.ActiveCfg = Release|Any CPU
		{AFB2E093-6CE2-4401-9973-422A176BA18E}.Release|Any CPU.Build.0 = Release|Any CPU
		{AFB2E093-6CE2-4401-9973-422A176BA18E}.Release|x64.ActiveCfg = Release|Any CPU
		{AFB2E093-6CE2-4401-9973-422A176BA18E}.Release|x64.Build.0 = Release|Any CPU
		{AFB2E093-6CE2-4401-9973-422A176BA18E}.Release|x86.ActiveCfg = Release|Any CPU
		{AFB2E093-6CE2-4401-9973-422A176BA18E}.Release|x86.Build.0 = Release|Any CPU
		{199CBDCE-530B-4F39-ACE2-12341559E067}.Debug|Any CPU.ActiveCfg = Debug|Any CPU
		{199CBDCE-530B-4F39-ACE2-12341559E067}.Debug|Any CPU.Build.0 = Debug|Any CPU
		{199CBDCE-530B-4F39-ACE2-12341559E067}.Debug|x64.ActiveCfg = Debug|Any CPU
		{199CBDCE-530B-4F39-ACE2-12341559E067}.Debug|x64.Build.0 = Debug|Any CPU
		{199CBDCE-530B-4F39-ACE2-12341559E067}.Debug|x86.ActiveCfg = Debug|Any CPU
		{199CBDCE-530B-4F39-ACE2-12341559E067}.Debug|x86.Build.0 = Debug|Any CPU
		{199CBDCE-530B-4F39-ACE2-12341559E067}.Release|Any CPU.ActiveCfg = Release|Any CPU
		{199CBDCE-530B-4F39-ACE2-12341559E067}.Release|Any CPU.Build.0 = Release|Any CPU
		{199CBDCE-530B-4F39-ACE2-12341559E067}.Release|x64.ActiveCfg = Release|Any CPU
		{199CBDCE-530B-4F39-ACE2-12341559E067}.Release|x64.Build.0 = Release|Any CPU
		{199CBDCE-530B-4F39-ACE2-12341559E067}.Release|x86.ActiveCfg = Release|Any CPU
		{199CBDCE-530B-4F39-ACE2-12341559E067}.Release|x86.Build.0 = Release|Any CPU
		{CD19AA07-C648-449D-8B45-F05A598C15A8}.Debug|Any CPU.ActiveCfg = Debug|Any CPU
		{CD19AA07-C648-449D-8B45-F05A598C15A8}.Debug|Any CPU.Build.0 = Debug|Any CPU
		{CD19AA07-C648-449D-8B45-F05A598C15A8}.Debug|x64.ActiveCfg = Debug|Any CPU
		{CD19AA07-C648-449D-8B45-F05A598C15A8}.Debug|x64.Build.0 = Debug|Any CPU
		{CD19AA07-C648-449D-8B45-F05A598C15A8}.Debug|x86.ActiveCfg = Debug|Any CPU
		{CD19AA07-C648-449D-8B45-F05A598C15A8}.Debug|x86.Build.0 = Debug|Any CPU
		{CD19AA07-C648-449D-8B45-F05A598C15A8}.Release|Any CPU.ActiveCfg = Release|Any CPU
		{CD19AA07-C648-449D-8B45-F05A598C15A8}.Release|Any CPU.Build.0 = Release|Any CPU
		{CD19AA07-C648-449D-8B45-F05A598C15A8}.Release|x64.ActiveCfg = Release|Any CPU
		{CD19AA07-C648-449D-8B45-F05A598C15A8}.Release|x64.Build.0 = Release|Any CPU
		{CD19AA07-C648-449D-8B45-F05A598C15A8}.Release|x86.ActiveCfg = Release|Any CPU
		{CD19AA07-C648-449D-8B45-F05A598C15A8}.Release|x86.Build.0 = Release|Any CPU
		{C2714944-9505-45EB-B9D0-A967E3A6BD71}.Debug|Any CPU.ActiveCfg = Debug|Any CPU
		{C2714944-9505-45EB-B9D0-A967E3A6BD71}.Debug|Any CPU.Build.0 = Debug|Any CPU
		{C2714944-9505-45EB-B9D0-A967E3A6BD71}.Debug|x64.ActiveCfg = Debug|Any CPU
		{C2714944-9505-45EB-B9D0-A967E3A6BD71}.Debug|x64.Build.0 = Debug|Any CPU
		{C2714944-9505-45EB-B9D0-A967E3A6BD71}.Debug|x86.ActiveCfg = Debug|Any CPU
		{C2714944-9505-45EB-B9D0-A967E3A6BD71}.Debug|x86.Build.0 = Debug|Any CPU
		{C2714944-9505-45EB-B9D0-A967E3A6BD71}.Release|Any CPU.ActiveCfg = Release|Any CPU
		{C2714944-9505-45EB-B9D0-A967E3A6BD71}.Release|Any CPU.Build.0 = Release|Any CPU
		{C2714944-9505-45EB-B9D0-A967E3A6BD71}.Release|x64.ActiveCfg = Release|Any CPU
		{C2714944-9505-45EB-B9D0-A967E3A6BD71}.Release|x64.Build.0 = Release|Any CPU
		{C2714944-9505-45EB-B9D0-A967E3A6BD71}.Release|x86.ActiveCfg = Release|Any CPU
		{C2714944-9505-45EB-B9D0-A967E3A6BD71}.Release|x86.Build.0 = Release|Any CPU
		{801E635E-3F10-401D-9C9D-AE88A14BBF3D}.Debug|Any CPU.ActiveCfg = Debug|Any CPU
		{801E635E-3F10-401D-9C9D-AE88A14BBF3D}.Debug|Any CPU.Build.0 = Debug|Any CPU
		{801E635E-3F10-401D-9C9D-AE88A14BBF3D}.Debug|x64.ActiveCfg = Debug|Any CPU
		{801E635E-3F10-401D-9C9D-AE88A14BBF3D}.Debug|x64.Build.0 = Debug|Any CPU
		{801E635E-3F10-401D-9C9D-AE88A14BBF3D}.Debug|x86.ActiveCfg = Debug|Any CPU
		{801E635E-3F10-401D-9C9D-AE88A14BBF3D}.Debug|x86.Build.0 = Debug|Any CPU
		{801E635E-3F10-401D-9C9D-AE88A14BBF3D}.Release|Any CPU.ActiveCfg = Release|Any CPU
		{801E635E-3F10-401D-9C9D-AE88A14BBF3D}.Release|Any CPU.Build.0 = Release|Any CPU
		{801E635E-3F10-401D-9C9D-AE88A14BBF3D}.Release|x64.ActiveCfg = Release|Any CPU
		{801E635E-3F10-401D-9C9D-AE88A14BBF3D}.Release|x64.Build.0 = Release|Any CPU
		{801E635E-3F10-401D-9C9D-AE88A14BBF3D}.Release|x86.ActiveCfg = Release|Any CPU
		{801E635E-3F10-401D-9C9D-AE88A14BBF3D}.Release|x86.Build.0 = Release|Any CPU
		{4F116CFC-4AD8-407C-A789-3EBDE7BB3155}.Debug|Any CPU.ActiveCfg = Debug|Any CPU
		{4F116CFC-4AD8-407C-A789-3EBDE7BB3155}.Debug|Any CPU.Build.0 = Debug|Any CPU
		{4F116CFC-4AD8-407C-A789-3EBDE7BB3155}.Debug|x64.ActiveCfg = Debug|Any CPU
		{4F116CFC-4AD8-407C-A789-3EBDE7BB3155}.Debug|x64.Build.0 = Debug|Any CPU
		{4F116CFC-4AD8-407C-A789-3EBDE7BB3155}.Debug|x86.ActiveCfg = Debug|Any CPU
		{4F116CFC-4AD8-407C-A789-3EBDE7BB3155}.Debug|x86.Build.0 = Debug|Any CPU
		{4F116CFC-4AD8-407C-A789-3EBDE7BB3155}.Release|Any CPU.ActiveCfg = Release|Any CPU
		{4F116CFC-4AD8-407C-A789-3EBDE7BB3155}.Release|Any CPU.Build.0 = Release|Any CPU
		{4F116CFC-4AD8-407C-A789-3EBDE7BB3155}.Release|x64.ActiveCfg = Release|Any CPU
		{4F116CFC-4AD8-407C-A789-3EBDE7BB3155}.Release|x64.Build.0 = Release|Any CPU
		{4F116CFC-4AD8-407C-A789-3EBDE7BB3155}.Release|x86.ActiveCfg = Release|Any CPU
		{4F116CFC-4AD8-407C-A789-3EBDE7BB3155}.Release|x86.Build.0 = Release|Any CPU
		{229844D0-3694-4C76-8458-32724E71686B}.Debug|Any CPU.ActiveCfg = Debug|Any CPU
		{229844D0-3694-4C76-8458-32724E71686B}.Debug|Any CPU.Build.0 = Debug|Any CPU
		{229844D0-3694-4C76-8458-32724E71686B}.Debug|x64.ActiveCfg = Debug|Any CPU
		{229844D0-3694-4C76-8458-32724E71686B}.Debug|x64.Build.0 = Debug|Any CPU
		{229844D0-3694-4C76-8458-32724E71686B}.Debug|x86.ActiveCfg = Debug|Any CPU
		{229844D0-3694-4C76-8458-32724E71686B}.Debug|x86.Build.0 = Debug|Any CPU
		{229844D0-3694-4C76-8458-32724E71686B}.Release|Any CPU.ActiveCfg = Release|Any CPU
		{229844D0-3694-4C76-8458-32724E71686B}.Release|Any CPU.Build.0 = Release|Any CPU
		{229844D0-3694-4C76-8458-32724E71686B}.Release|x64.ActiveCfg = Release|Any CPU
		{229844D0-3694-4C76-8458-32724E71686B}.Release|x64.Build.0 = Release|Any CPU
		{229844D0-3694-4C76-8458-32724E71686B}.Release|x86.ActiveCfg = Release|Any CPU
		{229844D0-3694-4C76-8458-32724E71686B}.Release|x86.Build.0 = Release|Any CPU
		{7490E107-803C-4A66-8002-D714CD61EE11}.Debug|Any CPU.ActiveCfg = Debug|Any CPU
		{7490E107-803C-4A66-8002-D714CD61EE11}.Debug|Any CPU.Build.0 = Debug|Any CPU
		{7490E107-803C-4A66-8002-D714CD61EE11}.Debug|x64.ActiveCfg = Debug|Any CPU
		{7490E107-803C-4A66-8002-D714CD61EE11}.Debug|x64.Build.0 = Debug|Any CPU
		{7490E107-803C-4A66-8002-D714CD61EE11}.Debug|x86.ActiveCfg = Debug|Any CPU
		{7490E107-803C-4A66-8002-D714CD61EE11}.Debug|x86.Build.0 = Debug|Any CPU
		{7490E107-803C-4A66-8002-D714CD61EE11}.Release|Any CPU.ActiveCfg = Release|Any CPU
		{7490E107-803C-4A66-8002-D714CD61EE11}.Release|Any CPU.Build.0 = Release|Any CPU
		{7490E107-803C-4A66-8002-D714CD61EE11}.Release|x64.ActiveCfg = Release|Any CPU
		{7490E107-803C-4A66-8002-D714CD61EE11}.Release|x64.Build.0 = Release|Any CPU
		{7490E107-803C-4A66-8002-D714CD61EE11}.Release|x86.ActiveCfg = Release|Any CPU
		{7490E107-803C-4A66-8002-D714CD61EE11}.Release|x86.Build.0 = Release|Any CPU
		{20267729-E0C0-4F1A-8D87-4F08C443DB77}.Debug|Any CPU.ActiveCfg = Debug|Any CPU
		{20267729-E0C0-4F1A-8D87-4F08C443DB77}.Debug|Any CPU.Build.0 = Debug|Any CPU
		{20267729-E0C0-4F1A-8D87-4F08C443DB77}.Debug|x64.ActiveCfg = Debug|Any CPU
		{20267729-E0C0-4F1A-8D87-4F08C443DB77}.Debug|x64.Build.0 = Debug|Any CPU
		{20267729-E0C0-4F1A-8D87-4F08C443DB77}.Debug|x86.ActiveCfg = Debug|Any CPU
		{20267729-E0C0-4F1A-8D87-4F08C443DB77}.Debug|x86.Build.0 = Debug|Any CPU
		{20267729-E0C0-4F1A-8D87-4F08C443DB77}.Release|Any CPU.ActiveCfg = Release|Any CPU
		{20267729-E0C0-4F1A-8D87-4F08C443DB77}.Release|Any CPU.Build.0 = Release|Any CPU
		{20267729-E0C0-4F1A-8D87-4F08C443DB77}.Release|x64.ActiveCfg = Release|Any CPU
		{20267729-E0C0-4F1A-8D87-4F08C443DB77}.Release|x64.Build.0 = Release|Any CPU
		{20267729-E0C0-4F1A-8D87-4F08C443DB77}.Release|x86.ActiveCfg = Release|Any CPU
		{20267729-E0C0-4F1A-8D87-4F08C443DB77}.Release|x86.Build.0 = Release|Any CPU
		{3F19B9A0-8410-4576-932D-89BEFEC2DF9B}.Debug|Any CPU.ActiveCfg = Debug|Any CPU
		{3F19B9A0-8410-4576-932D-89BEFEC2DF9B}.Debug|Any CPU.Build.0 = Debug|Any CPU
		{3F19B9A0-8410-4576-932D-89BEFEC2DF9B}.Debug|x64.ActiveCfg = Debug|Any CPU
		{3F19B9A0-8410-4576-932D-89BEFEC2DF9B}.Debug|x64.Build.0 = Debug|Any CPU
		{3F19B9A0-8410-4576-932D-89BEFEC2DF9B}.Debug|x86.ActiveCfg = Debug|Any CPU
		{3F19B9A0-8410-4576-932D-89BEFEC2DF9B}.Debug|x86.Build.0 = Debug|Any CPU
		{3F19B9A0-8410-4576-932D-89BEFEC2DF9B}.Release|Any CPU.ActiveCfg = Release|Any CPU
		{3F19B9A0-8410-4576-932D-89BEFEC2DF9B}.Release|Any CPU.Build.0 = Release|Any CPU
		{3F19B9A0-8410-4576-932D-89BEFEC2DF9B}.Release|x64.ActiveCfg = Release|Any CPU
		{3F19B9A0-8410-4576-932D-89BEFEC2DF9B}.Release|x64.Build.0 = Release|Any CPU
		{3F19B9A0-8410-4576-932D-89BEFEC2DF9B}.Release|x86.ActiveCfg = Release|Any CPU
		{3F19B9A0-8410-4576-932D-89BEFEC2DF9B}.Release|x86.Build.0 = Release|Any CPU
		{E2780831-9DD4-4AEC-B551-2BC7FF9EF7BC}.Debug|Any CPU.ActiveCfg = Debug|Any CPU
		{E2780831-9DD4-4AEC-B551-2BC7FF9EF7BC}.Debug|Any CPU.Build.0 = Debug|Any CPU
		{E2780831-9DD4-4AEC-B551-2BC7FF9EF7BC}.Debug|x64.ActiveCfg = Debug|Any CPU
		{E2780831-9DD4-4AEC-B551-2BC7FF9EF7BC}.Debug|x64.Build.0 = Debug|Any CPU
		{E2780831-9DD4-4AEC-B551-2BC7FF9EF7BC}.Debug|x86.ActiveCfg = Debug|Any CPU
		{E2780831-9DD4-4AEC-B551-2BC7FF9EF7BC}.Debug|x86.Build.0 = Debug|Any CPU
		{E2780831-9DD4-4AEC-B551-2BC7FF9EF7BC}.Release|Any CPU.ActiveCfg = Release|Any CPU
		{E2780831-9DD4-4AEC-B551-2BC7FF9EF7BC}.Release|Any CPU.Build.0 = Release|Any CPU
		{E2780831-9DD4-4AEC-B551-2BC7FF9EF7BC}.Release|x64.ActiveCfg = Release|Any CPU
		{E2780831-9DD4-4AEC-B551-2BC7FF9EF7BC}.Release|x64.Build.0 = Release|Any CPU
		{E2780831-9DD4-4AEC-B551-2BC7FF9EF7BC}.Release|x86.ActiveCfg = Release|Any CPU
		{E2780831-9DD4-4AEC-B551-2BC7FF9EF7BC}.Release|x86.Build.0 = Release|Any CPU
		{1597E370-69DC-4FC6-B69A-46D564756D9E}.Debug|Any CPU.ActiveCfg = Debug|Any CPU
		{1597E370-69DC-4FC6-B69A-46D564756D9E}.Debug|Any CPU.Build.0 = Debug|Any CPU
		{1597E370-69DC-4FC6-B69A-46D564756D9E}.Debug|x64.ActiveCfg = Debug|Any CPU
		{1597E370-69DC-4FC6-B69A-46D564756D9E}.Debug|x64.Build.0 = Debug|Any CPU
		{1597E370-69DC-4FC6-B69A-46D564756D9E}.Debug|x86.ActiveCfg = Debug|Any CPU
		{1597E370-69DC-4FC6-B69A-46D564756D9E}.Debug|x86.Build.0 = Debug|Any CPU
		{1597E370-69DC-4FC6-B69A-46D564756D9E}.Release|Any CPU.ActiveCfg = Release|Any CPU
		{1597E370-69DC-4FC6-B69A-46D564756D9E}.Release|Any CPU.Build.0 = Release|Any CPU
		{1597E370-69DC-4FC6-B69A-46D564756D9E}.Release|x64.ActiveCfg = Release|Any CPU
		{1597E370-69DC-4FC6-B69A-46D564756D9E}.Release|x64.Build.0 = Release|Any CPU
		{1597E370-69DC-4FC6-B69A-46D564756D9E}.Release|x86.ActiveCfg = Release|Any CPU
		{1597E370-69DC-4FC6-B69A-46D564756D9E}.Release|x86.Build.0 = Release|Any CPU
		{3587651C-96CF-4FCD-B326-A8345217FA35}.Debug|Any CPU.ActiveCfg = Debug|Any CPU
		{3587651C-96CF-4FCD-B326-A8345217FA35}.Debug|Any CPU.Build.0 = Debug|Any CPU
		{3587651C-96CF-4FCD-B326-A8345217FA35}.Debug|x64.ActiveCfg = Debug|Any CPU
		{3587651C-96CF-4FCD-B326-A8345217FA35}.Debug|x64.Build.0 = Debug|Any CPU
		{3587651C-96CF-4FCD-B326-A8345217FA35}.Debug|x86.ActiveCfg = Debug|Any CPU
		{3587651C-96CF-4FCD-B326-A8345217FA35}.Debug|x86.Build.0 = Debug|Any CPU
		{3587651C-96CF-4FCD-B326-A8345217FA35}.Release|Any CPU.ActiveCfg = Release|Any CPU
		{3587651C-96CF-4FCD-B326-A8345217FA35}.Release|Any CPU.Build.0 = Release|Any CPU
		{3587651C-96CF-4FCD-B326-A8345217FA35}.Release|x64.ActiveCfg = Release|Any CPU
		{3587651C-96CF-4FCD-B326-A8345217FA35}.Release|x64.Build.0 = Release|Any CPU
		{3587651C-96CF-4FCD-B326-A8345217FA35}.Release|x86.ActiveCfg = Release|Any CPU
		{3587651C-96CF-4FCD-B326-A8345217FA35}.Release|x86.Build.0 = Release|Any CPU
		{B8045479-0D07-482C-8D4E-A2262D90EEBF}.Debug|Any CPU.ActiveCfg = Debug|Any CPU
		{B8045479-0D07-482C-8D4E-A2262D90EEBF}.Debug|Any CPU.Build.0 = Debug|Any CPU
		{B8045479-0D07-482C-8D4E-A2262D90EEBF}.Debug|x64.ActiveCfg = Debug|Any CPU
		{B8045479-0D07-482C-8D4E-A2262D90EEBF}.Debug|x64.Build.0 = Debug|Any CPU
		{B8045479-0D07-482C-8D4E-A2262D90EEBF}.Debug|x86.ActiveCfg = Debug|Any CPU
		{B8045479-0D07-482C-8D4E-A2262D90EEBF}.Debug|x86.Build.0 = Debug|Any CPU
		{B8045479-0D07-482C-8D4E-A2262D90EEBF}.Release|Any CPU.ActiveCfg = Release|Any CPU
		{B8045479-0D07-482C-8D4E-A2262D90EEBF}.Release|Any CPU.Build.0 = Release|Any CPU
		{B8045479-0D07-482C-8D4E-A2262D90EEBF}.Release|x64.ActiveCfg = Release|Any CPU
		{B8045479-0D07-482C-8D4E-A2262D90EEBF}.Release|x64.Build.0 = Release|Any CPU
		{B8045479-0D07-482C-8D4E-A2262D90EEBF}.Release|x86.ActiveCfg = Release|Any CPU
		{B8045479-0D07-482C-8D4E-A2262D90EEBF}.Release|x86.Build.0 = Release|Any CPU
		{91DA3B3F-34DB-45B2-8C67-EBA0CDC8EAE1}.Debug|Any CPU.ActiveCfg = Debug|Any CPU
		{91DA3B3F-34DB-45B2-8C67-EBA0CDC8EAE1}.Debug|Any CPU.Build.0 = Debug|Any CPU
		{91DA3B3F-34DB-45B2-8C67-EBA0CDC8EAE1}.Debug|x64.ActiveCfg = Debug|Any CPU
		{91DA3B3F-34DB-45B2-8C67-EBA0CDC8EAE1}.Debug|x64.Build.0 = Debug|Any CPU
		{91DA3B3F-34DB-45B2-8C67-EBA0CDC8EAE1}.Debug|x86.ActiveCfg = Debug|Any CPU
		{91DA3B3F-34DB-45B2-8C67-EBA0CDC8EAE1}.Debug|x86.Build.0 = Debug|Any CPU
		{91DA3B3F-34DB-45B2-8C67-EBA0CDC8EAE1}.Release|Any CPU.ActiveCfg = Release|Any CPU
		{91DA3B3F-34DB-45B2-8C67-EBA0CDC8EAE1}.Release|Any CPU.Build.0 = Release|Any CPU
		{91DA3B3F-34DB-45B2-8C67-EBA0CDC8EAE1}.Release|x64.ActiveCfg = Release|Any CPU
		{91DA3B3F-34DB-45B2-8C67-EBA0CDC8EAE1}.Release|x64.Build.0 = Release|Any CPU
		{91DA3B3F-34DB-45B2-8C67-EBA0CDC8EAE1}.Release|x86.ActiveCfg = Release|Any CPU
		{91DA3B3F-34DB-45B2-8C67-EBA0CDC8EAE1}.Release|x86.Build.0 = Release|Any CPU
		{08CAD8ED-C4A9-416C-A171-D1FCF9E43B66}.Debug|Any CPU.ActiveCfg = Debug|Any CPU
		{08CAD8ED-C4A9-416C-A171-D1FCF9E43B66}.Debug|Any CPU.Build.0 = Debug|Any CPU
		{08CAD8ED-C4A9-416C-A171-D1FCF9E43B66}.Debug|x64.ActiveCfg = Debug|Any CPU
		{08CAD8ED-C4A9-416C-A171-D1FCF9E43B66}.Debug|x64.Build.0 = Debug|Any CPU
		{08CAD8ED-C4A9-416C-A171-D1FCF9E43B66}.Debug|x86.ActiveCfg = Debug|Any CPU
		{08CAD8ED-C4A9-416C-A171-D1FCF9E43B66}.Debug|x86.Build.0 = Debug|Any CPU
		{08CAD8ED-C4A9-416C-A171-D1FCF9E43B66}.Release|Any CPU.ActiveCfg = Release|Any CPU
		{08CAD8ED-C4A9-416C-A171-D1FCF9E43B66}.Release|Any CPU.Build.0 = Release|Any CPU
		{08CAD8ED-C4A9-416C-A171-D1FCF9E43B66}.Release|x64.ActiveCfg = Release|Any CPU
		{08CAD8ED-C4A9-416C-A171-D1FCF9E43B66}.Release|x64.Build.0 = Release|Any CPU
		{08CAD8ED-C4A9-416C-A171-D1FCF9E43B66}.Release|x86.ActiveCfg = Release|Any CPU
		{08CAD8ED-C4A9-416C-A171-D1FCF9E43B66}.Release|x86.Build.0 = Release|Any CPU
	EndGlobalSection
	GlobalSection(SolutionProperties) = preSolution
		HideSolutionNode = FALSE
	EndGlobalSection
	GlobalSection(ExtensibilityGlobals) = postSolution
		SolutionGuid = {54BFDE4C-1ED3-4AB7-BBF4-2B9507B50ACA}
	EndGlobalSection
EndGlobal
